
Microsoft Visual Studio Solution File, Format Version 12.00
# Visual Studio Version 17
VisualStudioVersion = 17.6.33829.357
MinimumVisualStudioVersion = 10.0.40219.1
Project("{8BC9CEB8-8B4A-11D0-8D11-00A0C91BC942}") = "Pame1", "Pame1\Pame1.vcxproj", "{297818E6-4821-4FE3-8150-EB08AD78C608}"
EndProject
Global
	GlobalSection(SolutionConfigurationPlatforms) = preSolution
		Debug|x64 = Debug|x64
		Debug|x86 = Debug|x86
		Release|x64 = Release|x64
		Release|x86 = Release|x86
	EndGlobalSection
	GlobalSection(ProjectConfigurationPlatforms) = postSolution
		{297818E6-4821-4FE3-8150-EB08AD78C608}.Debug|x64.ActiveCfg = Debug|x64
		{297818E6-4821-4FE3-8150-EB08AD78C608}.Debug|x64.Build.0 = Debug|x64
		{297818E6-4821-4FE3-8150-EB08AD78C608}.Debug|x86.ActiveCfg = Debug|Win32
		{297818E6-4821-4FE3-8150-EB08AD78C608}.Debug|x86.Build.0 = Debug|Win32
		{297818E6-4821-4FE3-8150-EB08AD78C608}.Release|x64.ActiveCfg = Release|x64
		{297818E6-4821-4FE3-8150-EB08AD78C608}.Release|x64.Build.0 = Release|x64
		{297818E6-4821-4FE3-8150-EB08AD78C608}.Release|x86.ActiveCfg = Release|Win32
		{297818E6-4821-4FE3-8150-EB08AD78C608}.Release|x86.Build.0 = Release|Win32
	EndGlobalSection
	GlobalSection(SolutionProperties) = preSolution
		HideSolutionNode = FALSE
	EndGlobalSection
	GlobalSection(ExtensibilityGlobals) = postSolution
		SolutionGuid = {920CB6FB-11ED-4EC6-8CD7-35BBDFAF5368}
	EndGlobalSection
EndGlobal
